<?xml version="1.0" encoding="utf-8"?>
<Project ToolsVersion="4.0" xmlns="http://schemas.microsoft.com/developer/msbuild/2003">
  <ItemGroup>
    <Filter Include="源文件">
      <UniqueIdentifier>{4FC737F1-C7A5-4376-A066-2A32D752A2FF}</UniqueIdentifier>
      <Extensions>cpp;c;cc;cxx;def;odl;idl;hpj;bat;asm;asmx</Extensions>
    </Filter>
    <Filter Include="头文件">
      <UniqueIdentifier>{93995380-89BD-4b04-88EB-625FBE52EBFB}</UniqueIdentifier>
      <Extensions>h;hpp;hxx;hm;inl;inc;xsd</Extensions>
    </Filter>
    <Filter Include="资源文件">
      <UniqueIdentifier>{67DA6AB6-F800-4c08-8B7A-83BB121AAD01}</UniqueIdentifier>
      <Extensions>rc;ico;cur;bmp;dlg;rc2;rct;bin;rgs;gif;jpg;jpeg;jpe;resx;tiff;tif;png;wav;mfcribbon-ms</Extensions>
    </Filter>
  </ItemGroup>
  <ItemGroup>
    <None Include="ReadMe.txt" />
    <None Include="app.ico">
      <Filter>资源文件</Filter>
    </None>
    <None Include="ClassDiagram1.cd" />
  </ItemGroup>
  <ItemGroup>
    <ClCompile Include="ggg.cpp">
      <Filter>源文件</Filter>
    </ClCompile>
    <ClCompile Include="AssemblyInfo.cpp">
      <Filter>源文件</Filter>
    </ClCompile>
    <ClCompile Include="stdafx.cpp">
      <Filter>源文件</Filter>
    </ClCompile>
    <ClCompile Include="Form2.cpp">
      <Filter>源文件</Filter>
    </ClCompile>
    <ClCompile Include="SInter.cpp">
      <Filter>源文件</Filter>
    </ClCompile>
    <ClCompile Include="SCourseR.cpp">
      <Filter>源文件</Filter>
    </ClCompile>
    <ClCompile Include="SAllC.cpp">
      <Filter>源文件</Filter>
    </ClCompile>
    <ClCompile Include="SModifyInfo.cpp">
      <Filter>源文件</Filter>
    </ClCompile>
    <ClCompile Include="AInter.cpp">
      <Filter>源文件</Filter>
    </ClCompile>
    <ClCompile Include="ACourse.cpp">
      <Filter>源文件</Filter>
    </ClCompile>
    <ClCompile Include="AStident.cpp">
      <Filter>源文件</Filter>
    </ClCompile>
    <ClCompile Include="ASInfoHis.cpp">
      <Filter>源文件</Filter>
    </ClCompile>
    <ClCompile Include="ACInfoHis.cpp">
      <Filter>源文件</Filter>
    </ClCompile>
    <ClCompile Include="modMajor.cpp">
      <Filter>源文件</Filter>
    </ClCompile>
    <ClCompile Include="modDept.cpp">
      <Filter>源文件</Filter>
    </ClCompile>
    <ClCompile Include="Tps.cpp">
      <Filter>源文件</Filter>
    </ClCompile>
    <ClCompile Include="gradeInput.cpp">
      <Filter>源文件</Filter>
    </ClCompile>
    <ClCompile Include="gradeWarning.cpp">
      <Filter>源文件</Filter>
    </ClCompile>
    <ClCompile Include="SChangePassW.cpp">
      <Filter>源文件</Filter>
    </ClCompile>
    <ClCompile Include="TpsU.cpp">
      <Filter>源文件</Filter>
    </ClCompile>
    <ClCompile Include="SshowAllG.cpp">
      <Filter>源文件</Filter>
    </ClCompile>
    <ClCompile Include="Designer.cpp">
      <Filter>源文件</Filter>
    </ClCompile>
  </ItemGroup>
  <ItemGroup>
    <ClInclude Include="Form1.h">
      <Filter>头文件</Filter>
    </ClInclude>
    <ClInclude Include="Form2.h">
      <Filter>头文件</Filter>
    </ClInclude>
    <ClInclude Include="SInter.h">
      <Filter>头文件</Filter>
    </ClInclude>
    <ClInclude Include="SCourseR.h">
      <Filter>头文件</Filter>
    </ClInclude>
    <ClInclude Include="SAllC.h">
      <Filter>头文件</Filter>
    </ClInclude>
    <ClInclude Include="SModifyInfo.h">
      <Filter>头文件</Filter>
    </ClInclude>
    <ClInclude Include="AInter.h">
      <Filter>头文件</Filter>
    </ClInclude>
    <ClInclude Include="ACourse.h">
      <Filter>头文件</Filter>
    </ClInclude>
    <ClInclude Include="AStident.h">
      <Filter>头文件</Filter>
    </ClInclude>
    <ClInclude Include="ASInfoHis.h">
      <Filter>头文件</Filter>
    </ClInclude>
    <ClInclude Include="ACInfoHis.h">
      <Filter>头文件</Filter>
    </ClInclude>
    <ClInclude Include="resource.h">
      <Filter>源文件</Filter>
    </ClInclude>
    <ClInclude Include="stdafx.h">
      <Filter>源文件</Filter>
    </ClInclude>
    <ClInclude Include="modMajor.h">
      <Filter>头文件</Filter>
    </ClInclude>
    <ClInclude Include="modDept.h">
      <Filter>头文件</Filter>
    </ClInclude>
    <ClInclude Include="Tps.h">
      <Filter>头文件</Filter>
    </ClInclude>
    <ClInclude Include="gradeInput.h">
      <Filter>头文件</Filter>
    </ClInclude>
    <ClInclude Include="gradeWarning.h">
      <Filter>头文件</Filter>
    </ClInclude>
    <ClInclude Include="SChangePassW.h">
      <Filter>头文件</Filter>
    </ClInclude>
    <ClInclude Include="TpsU.h">
      <Filter>头文件</Filter>
    </ClInclude>
    <ClInclude Include="SshowAllG.h">
      <Filter>头文件</Filter>
    </ClInclude>
    <ClInclude Include="Designer.h">
      <Filter>头文件</Filter>
    </ClInclude>
  </ItemGroup>
  <ItemGroup>
    <ResourceCompile Include="app.rc">
      <Filter>资源文件</Filter>
    </ResourceCompile>
  </ItemGroup>
  <ItemGroup>
    <EmbeddedResource Include="Form1.resX">
      <Filter>资源文件</Filter>
    </EmbeddedResource>
    <EmbeddedResource Include="Form2.resx">
      <Filter>资源文件</Filter>
    </EmbeddedResource>
    <EmbeddedResource Include="ACourse.resx">
      <Filter>资源文件</Filter>
    </EmbeddedResource>
    <EmbeddedResource Include="AInter.resx">
      <Filter>资源文件</Filter>
    </EmbeddedResource>
    <EmbeddedResource Include="ASInfoHis.resx">
      <Filter>资源文件</Filter>
    </EmbeddedResource>
    <EmbeddedResource Include="AStident.resx">
      <Filter>资源文件</Filter>
    </EmbeddedResource>
    <EmbeddedResource Include="SAllC.resx">
      <Filter>资源文件</Filter>
    </EmbeddedResource>
    <EmbeddedResource Include="SCourseR.resx">
      <Filter>资源文件</Filter>
    </EmbeddedResource>
    <EmbeddedResource Include="SInter.resx">
      <Filter>资源文件</Filter>
    </EmbeddedResource>
    <EmbeddedResource Include="SModifyInfo.resx">
      <Filter>资源文件</Filter>
    </EmbeddedResource>
    <EmbeddedResource Include="ACInfoHis.resx">
      <Filter>资源文件</Filter>
    </EmbeddedResource>
    <EmbeddedResource Include="modDept.resx">
      <Filter>资源文件</Filter>
    </EmbeddedResource>
    <EmbeddedResource Include="modMajor.resx">
      <Filter>资源文件</Filter>
    </EmbeddedResource>
    <EmbeddedResource Include="Tps.resx">
      <Filter>资源文件</Filter>
    </EmbeddedResource>
    <EmbeddedResource Include="gradeInput.resx">
      <Filter>资源文件</Filter>
    </EmbeddedResource>
    <EmbeddedResource Include="gradeWarning.resx">
      <Filter>资源文件</Filter>
    </EmbeddedResource>
    <EmbeddedResource Include="TpsU.resx">
      <Filter>资源文件</Filter>
    </EmbeddedResource>
    <EmbeddedResource Include="SChangePassW.resx">
      <Filter>资源文件</Filter>
    </EmbeddedResource>
  </ItemGroup>
</Project>